
Microsoft Visual Studio Solution File, Format Version 12.00
# Visual Studio 2012
Project("{2150E333-8FDC-42A3-9474-1A3956D46DE8}") = "Solution Items", "Solution Items", "{C4BFCFC8-796A-4949-BE11-EADF16255062}"
	ProjectSection(SolutionItems) = preProject
		License.txt = License.txt
	EndProjectSection
EndProject
Project("{2150E333-8FDC-42A3-9474-1A3956D46DE8}") = "1. Presentation Layer", "1. Presentation Layer", "{B19641C5-998B-4125-95B2-D91EF9A17486}"
EndProject
Project("{2150E333-8FDC-42A3-9474-1A3956D46DE8}") = "2. Service Layer", "2. Service Layer", "{B7D86878-826F-4794-B9CC-A8A2CBE41CE2}"
EndProject
Project("{2150E333-8FDC-42A3-9474-1A3956D46DE8}") = "3. Business Layer", "3. Business Layer", "{6668FC6D-304F-4798-A950-1D863AE08258}"
EndProject
Project("{2150E333-8FDC-42A3-9474-1A3956D46DE8}") = "4. Data Layer", "4. Data Layer", "{32F3985C-BA3C-4568-98E9-CEEF8E6325B4}"
EndProject
Project("{FAE04EC0-301F-11D3-BF4B-00C04F79EFBC}") = "Mvc", "Mvc\Mvc.csproj", "{0F7FA58D-C7C0-4DAA-903F-9D50361B0A28}"
EndProject
Project("{FAE04EC0-301F-11D3-BF4B-00C04F79EFBC}") = "Mvc.Tests", "Mvc.Tests\Mvc.Tests.csproj", "{9CECB332-03A0-4425-8EEE-3545BB9CD098}"
EndProject
Project("{FAE04EC0-301F-11D3-BF4B-00C04F79EFBC}") = "WebForms", "WebForms\WebForms.csproj", "{353F7097-3BE0-487B-9605-EDE585D259D1}"
EndProject
Project("{FAE04EC0-301F-11D3-BF4B-00C04F79EFBC}") = "DataObjects", "DataObjects\DataObjects.csproj", "{DE739721-3314-4008-AEFF-33B858FB4442}"
EndProject
Project("{FAE04EC0-301F-11D3-BF4B-00C04F79EFBC}") = "BusinessObjects", "BusinessObjects\BusinessObjects.csproj", "{8EC74780-AD73-42A9-BA50-4C1E48347501}"
EndProject
Project("{FAE04EC0-301F-11D3-BF4B-00C04F79EFBC}") = "ActionService", "ActionService\ActionService.csproj", "{F0AAFA38-E246-417C-82B0-E279BB6DA532}"
EndProject
Project("{FAE04EC0-301F-11D3-BF4B-00C04F79EFBC}") = "WinForms", "WinFormsApp\WinForms.csproj", "{86EBE2F6-24C2-47ED-A69A-99255CBA1646}"
EndProject
Project("{FAE04EC0-301F-11D3-BF4B-00C04F79EFBC}") = "Wpf", "WpfApp\Wpf.csproj", "{E41B333D-514F-46A8-8ABA-B769632A9CB0}"
EndProject
Project("{2150E333-8FDC-42A3-9474-1A3956D46DE8}") = "Sql Server", "Sql Server", "{C71506EB-0351-43FC-AB9A-F4E4ECB1A435}"
	ProjectSection(SolutionItems) = preProject
		Action.sql = Action.sql
	EndProjectSection
EndProject
Global
	GlobalSection(SolutionConfigurationPlatforms) = preSolution
		Debug|Any CPU = Debug|Any CPU
		Release|Any CPU = Release|Any CPU
	EndGlobalSection
	GlobalSection(ProjectConfigurationPlatforms) = postSolution
		{0F7FA58D-C7C0-4DAA-903F-9D50361B0A28}.Debug|Any CPU.ActiveCfg = Debug|Any CPU
		{0F7FA58D-C7C0-4DAA-903F-9D50361B0A28}.Debug|Any CPU.Build.0 = Debug|Any CPU
		{0F7FA58D-C7C0-4DAA-903F-9D50361B0A28}.Release|Any CPU.ActiveCfg = Release|Any CPU
		{0F7FA58D-C7C0-4DAA-903F-9D50361B0A28}.Release|Any CPU.Build.0 = Release|Any CPU
		{9CECB332-03A0-4425-8EEE-3545BB9CD098}.Debug|Any CPU.ActiveCfg = Debug|Any CPU
		{9CECB332-03A0-4425-8EEE-3545BB9CD098}.Debug|Any CPU.Build.0 = Debug|Any CPU
		{9CECB332-03A0-4425-8EEE-3545BB9CD098}.Release|Any CPU.ActiveCfg = Release|Any CPU
		{9CECB332-03A0-4425-8EEE-3545BB9CD098}.Release|Any CPU.Build.0 = Release|Any CPU
		{353F7097-3BE0-487B-9605-EDE585D259D1}.Debug|Any CPU.ActiveCfg = Debug|Any CPU
		{353F7097-3BE0-487B-9605-EDE585D259D1}.Debug|Any CPU.Build.0 = Debug|Any CPU
		{353F7097-3BE0-487B-9605-EDE585D259D1}.Release|Any CPU.ActiveCfg = Release|Any CPU
		{353F7097-3BE0-487B-9605-EDE585D259D1}.Release|Any CPU.Build.0 = Release|Any CPU
		{DE739721-3314-4008-AEFF-33B858FB4442}.Debug|Any CPU.ActiveCfg = Debug|Any CPU
		{DE739721-3314-4008-AEFF-33B858FB4442}.Debug|Any CPU.Build.0 = Debug|Any CPU
		{DE739721-3314-4008-AEFF-33B858FB4442}.Release|Any CPU.ActiveCfg = Release|Any CPU
		{DE739721-3314-4008-AEFF-33B858FB4442}.Release|Any CPU.Build.0 = Release|Any CPU
		{8EC74780-AD73-42A9-BA50-4C1E48347501}.Debug|Any CPU.ActiveCfg = Debug|Any CPU
		{8EC74780-AD73-42A9-BA50-4C1E48347501}.Debug|Any CPU.Build.0 = Debug|Any CPU
		{8EC74780-AD73-42A9-BA50-4C1E48347501}.Release|Any CPU.ActiveCfg = Release|Any CPU
		{8EC74780-AD73-42A9-BA50-4C1E48347501}.Release|Any CPU.Build.0 = Release|Any CPU
		{F0AAFA38-E246-417C-82B0-E279BB6DA532}.Debug|Any CPU.ActiveCfg = Debug|Any CPU
		{F0AAFA38-E246-417C-82B0-E279BB6DA532}.Debug|Any CPU.Build.0 = Debug|Any CPU
		{F0AAFA38-E246-417C-82B0-E279BB6DA532}.Release|Any CPU.ActiveCfg = Release|Any CPU
		{F0AAFA38-E246-417C-82B0-E279BB6DA532}.Release|Any CPU.Build.0 = Release|Any CPU
		{86EBE2F6-24C2-47ED-A69A-99255CBA1646}.Debug|Any CPU.ActiveCfg = Debug|Any CPU
		{86EBE2F6-24C2-47ED-A69A-99255CBA1646}.Debug|Any CPU.Build.0 = Debug|Any CPU
		{86EBE2F6-24C2-47ED-A69A-99255CBA1646}.Release|Any CPU.ActiveCfg = Release|Any CPU
		{86EBE2F6-24C2-47ED-A69A-99255CBA1646}.Release|Any CPU.Build.0 = Release|Any CPU
		{E41B333D-514F-46A8-8ABA-B769632A9CB0}.Debug|Any CPU.ActiveCfg = Debug|Any CPU
		{E41B333D-514F-46A8-8ABA-B769632A9CB0}.Debug|Any CPU.Build.0 = Debug|Any CPU
		{E41B333D-514F-46A8-8ABA-B769632A9CB0}.Release|Any CPU.ActiveCfg = Release|Any CPU
		{E41B333D-514F-46A8-8ABA-B769632A9CB0}.Release|Any CPU.Build.0 = Release|Any CPU
	EndGlobalSection
	GlobalSection(SolutionProperties) = preSolution
		HideSolutionNode = FALSE
	EndGlobalSection
	GlobalSection(NestedProjects) = preSolution
		{C71506EB-0351-43FC-AB9A-F4E4ECB1A435} = {C4BFCFC8-796A-4949-BE11-EADF16255062}
		{0F7FA58D-C7C0-4DAA-903F-9D50361B0A28} = {B19641C5-998B-4125-95B2-D91EF9A17486}
		{9CECB332-03A0-4425-8EEE-3545BB9CD098} = {B19641C5-998B-4125-95B2-D91EF9A17486}
		{353F7097-3BE0-487B-9605-EDE585D259D1} = {B19641C5-998B-4125-95B2-D91EF9A17486}
		{86EBE2F6-24C2-47ED-A69A-99255CBA1646} = {B19641C5-998B-4125-95B2-D91EF9A17486}
		{E41B333D-514F-46A8-8ABA-B769632A9CB0} = {B19641C5-998B-4125-95B2-D91EF9A17486}
		{F0AAFA38-E246-417C-82B0-E279BB6DA532} = {B7D86878-826F-4794-B9CC-A8A2CBE41CE2}
		{8EC74780-AD73-42A9-BA50-4C1E48347501} = {6668FC6D-304F-4798-A950-1D863AE08258}
		{DE739721-3314-4008-AEFF-33B858FB4442} = {32F3985C-BA3C-4568-98E9-CEEF8E6325B4}
	EndGlobalSection
EndGlobal
